# This file is @generated by PDM.
# It is not intended for manual editing.

[metadata]
groups = ["default", "local"]
strategy = ["inherit_metadata"]
lock_version = "4.5.0"
content_hash = "sha256:b683e9da5e3788a683ffd53760d9fe1f7b5f7b2fbcbc239664c8deeda93dbfaa"

[[metadata.targets]]
requires_python = "==3.11.*"

[[package]]
name = "bleak"
version = "0.22.3"
requires_python = "<3.14,>=3.8"
summary = "Bluetooth Low Energy platform Agnostic Klient"
groups = ["local"]
dependencies = [
    "async-timeout<5,>=3.0.0; python_version < \"3.11\"",
    "bleak-winrt<2.0.0,>=1.2.0; platform_system == \"Windows\" and python_version < \"3.12\"",
    "dbus-fast<3,>=1.83.0; platform_system == \"Linux\"",
    "pyobjc-core<11.0,>=10.3; platform_system == \"Darwin\"",
    "pyobjc-framework-CoreBluetooth<11.0,>=10.3; platform_system == \"Darwin\"",
    "pyobjc-framework-libdispatch<11.0,>=10.3; platform_system == \"Darwin\"",
    "typing-extensions>=4.7.0; python_version < \"3.12\"",
    "winrt-Windows-Devices-Bluetooth-Advertisement<3,>=2; platform_system == \"Windows\" and python_version >= \"3.12\"",
    "winrt-Windows-Devices-Bluetooth-GenericAttributeProfile<3,>=2; platform_system == \"Windows\" and python_version >= \"3.12\"",
    "winrt-Windows-Devices-Bluetooth<3,>=2; platform_system == \"Windows\" and python_version >= \"3.12\"",
    "winrt-Windows-Devices-Enumeration<3,>=2; platform_system == \"Windows\" and python_version >= \"3.12\"",
    "winrt-Windows-Foundation-Collections<3,>=2; platform_system == \"Windows\" and python_version >= \"3.12\"",
    "winrt-Windows-Foundation<3,>=2; platform_system == \"Windows\" and python_version >= \"3.12\"",
    "winrt-Windows-Storage-Streams<3,>=2; platform_system == \"Windows\" and python_version >= \"3.12\"",
    "winrt-runtime<3,>=2; platform_system == \"Windows\" and python_version >= \"3.12\"",
]
files = [
    {file = "bleak-0.22.3-py3-none-any.whl", hash = "sha256:1e62a9f5e0c184826e6c906e341d8aca53793e4596eeaf4e0b191e7aca5c461c"},
    {file = "bleak-0.22.3.tar.gz", hash = "sha256:3149c3c19657e457727aa53d9d6aeb89658495822cd240afd8aeca4dd09c045c"},
]

[[package]]
name = "bleak-winrt"
version = "1.2.0"
summary = "Python WinRT bindings for Bleak"
groups = ["local"]
marker = "platform_system == \"Windows\" and python_version < \"3.12\""
files = [
    {file = "bleak-winrt-1.2.0.tar.gz", hash = "sha256:0577d070251b9354fc6c45ffac57e39341ebb08ead014b1bdbd43e211d2ce1d6"},
    {file = "bleak_winrt-1.2.0-cp311-cp311-win32.whl", hash = "sha256:9449cdb942f22c9892bc1ada99e2ccce9bea8a8af1493e81fefb6de2cb3a7b80"},
    {file = "bleak_winrt-1.2.0-cp311-cp311-win_amd64.whl", hash = "sha256:98c1b5a6a6c431ac7f76aa4285b752fe14a1c626bd8a1dfa56f66173ff120bee"},
]

[[package]]
name = "certifi"
version = "2025.1.31"
requires_python = ">=3.6"
summary = "Python package for providing Mozilla's CA Bundle."
groups = ["local"]
files = [
    {file = "certifi-2025.1.31-py3-none-any.whl", hash = "sha256:ca78db4565a652026a4db2bcdf68f2fb589ea80d0be70e03929ed730746b84fe"},
    {file = "certifi-2025.1.31.tar.gz", hash = "sha256:3d5da6925056f6f18f119200434a4780a94263f10d1c21d032a6f6b2baa20651"},
]

[[package]]
name = "charset-normalizer"
version = "3.4.1"
requires_python = ">=3.7"
summary = "The Real First Universal Charset Detector. Open, modern and actively maintained alternative to Chardet."
groups = ["local"]
files = [
    {file = "charset_normalizer-3.4.1-cp311-cp311-macosx_10_9_universal2.whl", hash = "sha256:8bfa33f4f2672964266e940dd22a195989ba31669bd84629f05fab3ef4e2d125"},
    {file = "charset_normalizer-3.4.1-cp311-cp311-manylinux_2_17_aarch64.manylinux2014_aarch64.whl", hash = "sha256:28bf57629c75e810b6ae989f03c0828d64d6b26a5e205535585f96093e405ed1"},
    {file = "charset_normalizer-3.4.1-cp311-cp311-manylinux_2_17_ppc64le.manylinux2014_ppc64le.whl", hash = "sha256:f08ff5e948271dc7e18a35641d2f11a4cd8dfd5634f55228b691e62b37125eb3"},
    {file = "charset_normalizer-3.4.1-cp311-cp311-manylinux_2_17_s390x.manylinux2014_s390x.whl", hash = "sha256:234ac59ea147c59ee4da87a0c0f098e9c8d169f4dc2a159ef720f1a61bbe27cd"},
    {file = "charset_normalizer-3.4.1-cp311-cp311-manylinux_2_17_x86_64.manylinux2014_x86_64.whl", hash = "sha256:fd4ec41f914fa74ad1b8304bbc634b3de73d2a0889bd32076342a573e0779e00"},
    {file = "charset_normalizer-3.4.1-cp311-cp311-manylinux_2_5_i686.manylinux1_i686.manylinux_2_17_i686.manylinux2014_i686.whl", hash = "sha256:eea6ee1db730b3483adf394ea72f808b6e18cf3cb6454b4d86e04fa8c4327a12"},
    {file = "charset_normalizer-3.4.1-cp311-cp311-musllinux_1_2_aarch64.whl", hash = "sha256:c96836c97b1238e9c9e3fe90844c947d5afbf4f4c92762679acfe19927d81d77"},
    {file = "charset_normalizer-3.4.1-cp311-cp311-musllinux_1_2_i686.whl", hash = "sha256:4d86f7aff21ee58f26dcf5ae81a9addbd914115cdebcbb2217e4f0ed8982e146"},
    {file = "charset_normalizer-3.4.1-cp311-cp311-musllinux_1_2_ppc64le.whl", hash = "sha256:09b5e6733cbd160dcc09589227187e242a30a49ca5cefa5a7edd3f9d19ed53fd"},
    {file = "charset_normalizer-3.4.1-cp311-cp311-musllinux_1_2_s390x.whl", hash = "sha256:5777ee0881f9499ed0f71cc82cf873d9a0ca8af166dfa0af8ec4e675b7df48e6"},
    {file = "charset_normalizer-3.4.1-cp311-cp311-musllinux_1_2_x86_64.whl", hash = "sha256:237bdbe6159cff53b4f24f397d43c6336c6b0b42affbe857970cefbb620911c8"},
    {file = "charset_normalizer-3.4.1-cp311-cp311-win32.whl", hash = "sha256:8417cb1f36cc0bc7eaba8ccb0e04d55f0ee52df06df3ad55259b9a323555fc8b"},
    {file = "charset_normalizer-3.4.1-cp311-cp311-win_amd64.whl", hash = "sha256:d7f50a1f8c450f3925cb367d011448c39239bb3eb4117c36a6d354794de4ce76"},
    {file = "charset_normalizer-3.4.1-py3-none-any.whl", hash = "sha256:d98b1668f06378c6dbefec3b92299716b931cd4e6061f3c875a71ced1780ab85"},
    {file = "charset_normalizer-3.4.1.tar.gz", hash = "sha256:44251f18cd68a75b56585dd00dae26183e102cd5e0f9f1466e6df5da2ed64ea3"},
]

[[package]]
name = "click"
version = "8.1.8"
requires_python = ">=3.7"
summary = "Composable command line interface toolkit"
groups = ["local"]
dependencies = [
    "colorama; platform_system == \"Windows\"",
    "importlib-metadata; python_version < \"3.8\"",
]
files = [
    {file = "click-8.1.8-py3-none-any.whl", hash = "sha256:63c132bbbed01578a06712a2d1f497bb62d9c1c0d329b7903a866228027263b2"},
    {file = "click-8.1.8.tar.gz", hash = "sha256:ed53c9d8990d83c2a27deae68e4ee337473f6330c040a31d4225c9574d16096a"},
]

[[package]]
name = "colorama"
version = "0.4.6"
requires_python = "!=3.0.*,!=3.1.*,!=3.2.*,!=3.3.*,!=3.4.*,!=3.5.*,!=3.6.*,>=2.7"
summary = "Cross-platform colored terminal text."
groups = ["default", "local"]
marker = "sys_platform == \"win32\" or platform_system == \"Windows\""
files = [
    {file = "colorama-0.4.6-py2.py3-none-any.whl", hash = "sha256:4f1d9991f5acc0ca119f9d443620b77f9d6b33703e51011c16baf57afb285fc6"},
    {file = "colorama-0.4.6.tar.gz", hash = "sha256:08695f5cb7ed6e0531a20572697297273c47b8cae5a63ffc6d6ed5c201be6e44"},
]

[[package]]
name = "construct"
version = "2.10.70"
requires_python = ">=3.6"
summary = "A powerful declarative symmetric parser/builder for binary data"
groups = ["local"]
files = [
    {file = "construct-2.10.70-py3-none-any.whl", hash = "sha256:c80be81ef595a1a821ec69dc16099550ed22197615f4320b57cc9ce2a672cb30"},
    {file = "construct-2.10.70.tar.gz", hash = "sha256:4d2472f9684731e58cc9c56c463be63baa1447d674e0d66aeb5627b22f512c29"},
]

[[package]]
name = "dbus-fast"
version = "2.37.0"
requires_python = "<4.0,>=3.9"
summary = "A faster version of dbus-next"
groups = ["local"]
marker = "platform_system == \"Linux\""
files = [
    {file = "dbus_fast-2.37.0-cp311-cp311-macosx_11_0_arm64.whl", hash = "sha256:584b6ff0cd879e8cb5b857440358247bcf9e369d30d5abec79a443a4580254e7"},
    {file = "dbus_fast-2.37.0-cp311-cp311-manylinux_2_17_aarch64.manylinux2014_aarch64.whl", hash = "sha256:17455b8813f96195d9942799d351fce7c50cab8fcc83701e6eefede54103a679"},
    {file = "dbus_fast-2.37.0-cp311-cp311-manylinux_2_17_i686.manylinux_2_5_i686.manylinux1_i686.manylinux2014_i686.whl", hash = "sha256:dc1342171840fd2990e47e3a9a1187a98b709a285350ea4c1613af55f6c3a11f"},
    {file = "dbus_fast-2.37.0-cp311-cp311-manylinux_2_17_x86_64.manylinux2014_x86_64.whl", hash = "sha256:9b668b61396ac95b03f43ecff0a3ffada0bf6ae2e9a9c452f4c96811fd12826c"},
    {file = "dbus_fast-2.37.0-cp311-cp311-musllinux_1_2_aarch64.whl", hash = "sha256:aab8c9f0d06383eabdc5d01cd30390e6984277836eb110a15cb44d5ff667ecba"},
    {file = "dbus_fast-2.37.0-cp311-cp311-musllinux_1_2_i686.whl", hash = "sha256:6cc853fe3f3b307fd214dbf8a66ed812162bc764f9084fcf48864abd3de99a40"},
    {file = "dbus_fast-2.37.0-cp311-cp311-musllinux_1_2_x86_64.whl", hash = "sha256:76641f5730fd8f5337d5520ea9462262b7aeb8b6058e4c7d7875e86005b78967"},
    {file = "dbus_fast-2.37.0.tar.gz", hash = "sha256:dbb7daa73ace224037c0b478e9d9519a721f99995eb53745862fa13ed9db13df"},
]

[[package]]
name = "ecpy"
version = "1.2.5"
summary = "Pure Pyhton Elliptic Curve Library"
groups = ["local"]
files = [
    {file = "ECPy-1.2.5-py3-none-any.whl", hash = "sha256:559c92e42406d9d1a6b2b8fc26e6ad7bc985f33903b72f426a56cb1073a25ce3"},
    {file = "ECPy-1.2.5.tar.gz", hash = "sha256:9635cffb9b6ecf7fd7f72aea1665829ac74a1d272006d0057d45a621aae20228"},
]

[[package]]
name = "future"
version = "1.0.0"
requires_python = ">=2.6, !=3.0.*, !=3.1.*, !=3.2.*"
summary = "Clean single-source support for Python 3 and 2"
groups = ["local"]
files = [
    {file = "future-1.0.0-py3-none-any.whl", hash = "sha256:929292d34f5872e70396626ef385ec22355a1fae8ad29e1a734c3e43f9fbc216"},
    {file = "future-1.0.0.tar.gz", hash = "sha256:bd2968309307861edae1458a4f8a4f3598c03be43b97521076aebf5d94c07b05"},
]

[[package]]
name = "hidapi"
version = "0.14.0.post4"
summary = "A Cython interface to the hidapi from https://github.com/libusb/hidapi"
groups = ["local"]
dependencies = [
    "setuptools>=19.0",
]
files = [
    {file = "hidapi-0.14.0.post4-cp311-cp311-macosx_10_9_x86_64.whl", hash = "sha256:74ae8ce339655b2568d74e49c8ef644d34a445dd0a9b4b89d1bf09447b83f5af"},
    {file = "hidapi-0.14.0.post4-cp311-cp311-macosx_11_0_arm64.whl", hash = "sha256:e749b79d9cafc1e9fd9d397d8039377c928ca10a36847fda6407169513802f68"},
    {file = "hidapi-0.14.0.post4-cp311-cp311-manylinux_2_17_aarch64.manylinux2014_aarch64.whl", hash = "sha256:4169893fe5e368777fce7575a8bdedc1861f13d8fb9fda6b05e8155dde6eb7f1"},
    {file = "hidapi-0.14.0.post4-cp311-cp311-manylinux_2_17_i686.manylinux2014_i686.whl", hash = "sha256:0d51f8102a2441ce22e080576f8f370d25cb3962161818a89f236b0401840f18"},
    {file = "hidapi-0.14.0.post4-cp311-cp311-manylinux_2_17_x86_64.manylinux2014_x86_64.whl", hash = "sha256:ff021ed0962f2d5d67405ae53c85f6cb3ab8c5af3dff7db8c74672f79f7a39d1"},
    {file = "hidapi-0.14.0.post4-cp311-cp311-musllinux_1_2_aarch64.whl", hash = "sha256:d8ab5ba9fce95e342335ef48640221a46600c1afb66847432fad9823d40a2022"},
    {file = "hidapi-0.14.0.post4-cp311-cp311-musllinux_1_2_i686.whl", hash = "sha256:56d7538a4e156041bb80f07f47c327f8944e39da469b010041ce44e324d0657c"},
    {file = "hidapi-0.14.0.post4-cp311-cp311-musllinux_1_2_x86_64.whl", hash = "sha256:a28de4a03fc276614518d8d0997d8152d0edaf8ca9166522316ef1c455e8bc29"},
    {file = "hidapi-0.14.0.post4-cp311-cp311-win32.whl", hash = "sha256:348e68e3a2145a6ec6bebce13ffdf3e5883d8c720752c365027f16e16764def6"},
    {file = "hidapi-0.14.0.post4-cp311-cp311-win_amd64.whl", hash = "sha256:5a5af70dad759b45536a9946d8232ef7d90859845d3554c93bea3e790250df75"},
    {file = "hidapi-0.14.0.post4.tar.gz", hash = "sha256:48fce253e526d17b663fbf9989c71c7ef7653ced5f4be65f1437c313fb3dbdf6"},
]

[[package]]
name = "idna"
version = "3.10"
requires_python = ">=3.6"
summary = "Internationalized Domain Names in Applications (IDNA)"
groups = ["local"]
files = [
    {file = "idna-3.10-py3-none-any.whl", hash = "sha256:946d195a0d259cbba61165e88e65941f16e9b36ea6ddb97f00452bae8b1287d3"},
    {file = "idna-3.10.tar.gz", hash = "sha256:12f65c9b470abda6dc35cf8e63cc574b1c52b11df2c86030af0ac09b01b13ea9"},
]

[[package]]
name = "iniconfig"
version = "2.0.0"
requires_python = ">=3.7"
summary = "brain-dead simple config-ini parsing"
groups = ["default"]
files = [
    {file = "iniconfig-2.0.0-py3-none-any.whl", hash = "sha256:b6a85871a79d2e3b22d2d1b94ac2824226a63c6b741c88f7ae975f18b6778374"},
    {file = "iniconfig-2.0.0.tar.gz", hash = "sha256:2d91e135bf72d31a410b17c16da610a82cb55f6b0477d1a902134b24a455b8b3"},
]

[[package]]
name = "ledger-pluto"
version = "0.1.0"
requires_python = "<3.13,>=3.11"
git = "ssh://git@github.com/LedgerHQ/ledger-pluto.git"
ref = "main"
revision = "38312fbf94095b42df2547a8e7cabafc84604d21"
summary = "Charon smart card management utility. Use this tool to install, uninstall, and interact with Charon card applet."
groups = ["local"]
dependencies = [
    "construct>=2.10.70",
    "ecpy>=1.2.5",
    "ledgerblue>=0.1.54",
    "prompt-toolkit>=3.0.48",
    "pycryptodome>=3.21.0",
    "pyscard>=2.2.0",
    "typer>=0.15.1",
]

[[package]]
name = "ledgerblue"
version = "0.1.54"
requires_python = ">=3"
summary = "Python library to communicate with Ledger devices"
groups = ["local"]
dependencies = [
    "bleak>=0.20.1",
    "ecpy>=0.9.0",
    "future",
    "hidapi>=0.7.99",
    "nfcpy>=1.0.4",
    "pillow>=3.4.0",
    "protobuf<4,>=3.20",
    "pycryptodome>=3.18.0",
    "pycryptodomex>=3.6.1",
    "pyelftools<1.0,>=0.29",
    "python-gnupg>=0.5.0",
    "python-u2flib-host>=3.0.2",
    "websocket-client>=0.56.0",
]
files = [
    {file = "ledgerblue-0.1.54-py3-none-any.whl", hash = "sha256:df37562570ac4f9f38dc58f33af609c4689b1b7df889081889159d2a21d9c723"},
    {file = "ledgerblue-0.1.54.tar.gz", hash = "sha256:1e7f7d493e919c447a5c8ebeaea0373bdfda0bec216284cecdea07185fdf173e"},
]

[[package]]
name = "libusb1"
version = "3.3.0"
summary = "Pure-python wrapper for libusb-1.0"
groups = ["local"]
files = [
    {file = "libusb1-3.3.0-py3-none-any.whl", hash = "sha256:7923ff2bbe43878e1c7cf733fde49cca844ecada29dbc436033bca6171cda41f"},
    {file = "libusb1-3.3.0-py3-none-win32.whl", hash = "sha256:270f35b3a8faddd63d78de9b2341e49f6aed6083dceb4b04f47b95fd944e8d00"},
    {file = "libusb1-3.3.0-py3-none-win_amd64.whl", hash = "sha256:61e2b4efdbacdd689bf4eab6b9afa2d6ee8a4bae20ffbf7c5785024d25fa3258"},
    {file = "libusb1-3.3.0.tar.gz", hash = "sha256:b642aa518689f8e053f61955cba274e72bc8d0794c65d7990745aaae90dfc8a1"},
]

[[package]]
name = "markdown-it-py"
version = "3.0.0"
requires_python = ">=3.8"
summary = "Python port of markdown-it. Markdown parsing, done right!"
groups = ["local"]
dependencies = [
    "mdurl~=0.1",
]
files = [
    {file = "markdown-it-py-3.0.0.tar.gz", hash = "sha256:e3f60a94fa066dc52ec76661e37c851cb232d92f9886b15cb560aaada2df8feb"},
    {file = "markdown_it_py-3.0.0-py3-none-any.whl", hash = "sha256:355216845c60bd96232cd8d8c40e8f9765cc86f46880e43a8fd22dc1a1a8cab1"},
]

[[package]]
name = "mdurl"
version = "0.1.2"
requires_python = ">=3.7"
summary = "Markdown URL utilities"
groups = ["local"]
files = [
    {file = "mdurl-0.1.2-py3-none-any.whl", hash = "sha256:84008a41e51615a49fc9966191ff91509e3c40b939176e643fd50a5c2196b8f8"},
    {file = "mdurl-0.1.2.tar.gz", hash = "sha256:bb413d29f5eea38f31dd4754dd7377d4465116fb207585f97bf925588687c1ba"},
]

[[package]]
name = "ndeflib"
version = "0.3.3"
summary = "NFC Data Exchange Format decoder and encoder."
groups = ["local"]
files = [
    {file = "ndeflib-0.3.3-py2.py3-none-any.whl", hash = "sha256:c634b1af2ab454754f0fdbe1debd38247ed7bdaf94587359b857726f3ee7decb"},
    {file = "ndeflib-0.3.3.tar.gz", hash = "sha256:1d56828558b9b16f2822a4051824346347b66adf5320ea86070748b6f2454a88"},
]

[[package]]
name = "nfcpy"
version = "1.0.4"
requires_python = ">=2.6"
summary = "Python module for Near Field Communication."
groups = ["local"]
dependencies = [
    "libusb1",
    "ndeflib",
    "pydes",
    "pyserial",
]
files = [
    {file = "nfcpy-1.0.4-py3-none-any.whl", hash = "sha256:c1f3ecdd9755f9af46e89a945ed490354d089d5b19422e307159e256ff8c1b3d"},
    {file = "nfcpy-1.0.4.tar.gz", hash = "sha256:e5bd08d0119e1d9e95d05215f838b07b44d03b651adddc523cc1a38892b8af6b"},
]

[[package]]
name = "packaging"
version = "24.2"
requires_python = ">=3.8"
summary = "Core utilities for Python packages"
groups = ["default"]
files = [
    {file = "packaging-24.2-py3-none-any.whl", hash = "sha256:09abb1bccd265c01f4a3aa3f7a7db064b36514d2cba19a2f694fe6150451a759"},
    {file = "packaging-24.2.tar.gz", hash = "sha256:c228a6dc5e932d346bc5739379109d49e8853dd8223571c7c5b55260edc0b97f"},
]

[[package]]
name = "pillow"
version = "11.1.0"
requires_python = ">=3.9"
summary = "Python Imaging Library (Fork)"
groups = ["local"]
files = [
    {file = "pillow-11.1.0-cp311-cp311-macosx_10_10_x86_64.whl", hash = "sha256:e06695e0326d05b06833b40b7ef477e475d0b1ba3a6d27da1bb48c23209bf457"},
    {file = "pillow-11.1.0-cp311-cp311-macosx_11_0_arm64.whl", hash = "sha256:96f82000e12f23e4f29346e42702b6ed9a2f2fea34a740dd5ffffcc8c539eb35"},
    {file = "pillow-11.1.0-cp311-cp311-manylinux_2_17_aarch64.manylinux2014_aarch64.whl", hash = "sha256:a3cd561ded2cf2bbae44d4605837221b987c216cff94f49dfeed63488bb228d2"},
    {file = "pillow-11.1.0-cp311-cp311-manylinux_2_17_x86_64.manylinux2014_x86_64.whl", hash = "sha256:f189805c8be5ca5add39e6f899e6ce2ed824e65fb45f3c28cb2841911da19070"},
    {file = "pillow-11.1.0-cp311-cp311-manylinux_2_28_aarch64.whl", hash = "sha256:dd0052e9db3474df30433f83a71b9b23bd9e4ef1de13d92df21a52c0303b8ab6"},
    {file = "pillow-11.1.0-cp311-cp311-manylinux_2_28_x86_64.whl", hash = "sha256:837060a8599b8f5d402e97197d4924f05a2e0d68756998345c829c33186217b1"},
    {file = "pillow-11.1.0-cp311-cp311-musllinux_1_2_aarch64.whl", hash = "sha256:aa8dd43daa836b9a8128dbe7d923423e5ad86f50a7a14dc688194b7be5c0dea2"},
    {file = "pillow-11.1.0-cp311-cp311-musllinux_1_2_x86_64.whl", hash = "sha256:0a2f91f8a8b367e7a57c6e91cd25af510168091fb89ec5146003e424e1558a96"},
    {file = "pillow-11.1.0-cp311-cp311-win32.whl", hash = "sha256:c12fc111ef090845de2bb15009372175d76ac99969bdf31e2ce9b42e4b8cd88f"},
    {file = "pillow-11.1.0-cp311-cp311-win_amd64.whl", hash = "sha256:fbd43429d0d7ed6533b25fc993861b8fd512c42d04514a0dd6337fb3ccf22761"},
    {file = "pillow-11.1.0-cp311-cp311-win_arm64.whl", hash = "sha256:f7955ecf5609dee9442cbface754f2c6e541d9e6eda87fad7f7a989b0bdb9d71"},
    {file = "pillow-11.1.0.tar.gz", hash = "sha256:368da70808b36d73b4b390a8ffac11069f8a5c85f29eff1f1b01bcf3ef5b2a20"},
]

[[package]]
name = "pluggy"
version = "1.5.0"
requires_python = ">=3.8"
summary = "plugin and hook calling mechanisms for python"
groups = ["default"]
files = [
    {file = "pluggy-1.5.0-py3-none-any.whl", hash = "sha256:44e1ad92c8ca002de6377e165f3e0f1be63266ab4d554740532335b9d75ea669"},
    {file = "pluggy-1.5.0.tar.gz", hash = "sha256:2cffa88e94fdc978c4c574f15f9e59b7f4201d439195c3715ca9e2486f1d0cf1"},
]

[[package]]
name = "prompt-toolkit"
version = "3.0.50"
requires_python = ">=3.8.0"
summary = "Library for building powerful interactive command lines in Python"
groups = ["local"]
dependencies = [
    "wcwidth",
]
files = [
    {file = "prompt_toolkit-3.0.50-py3-none-any.whl", hash = "sha256:9b6427eb19e479d98acff65196a307c555eb567989e6d88ebbb1b509d9779198"},
    {file = "prompt_toolkit-3.0.50.tar.gz", hash = "sha256:544748f3860a2623ca5cd6d2795e7a14f3d0e1c3c9728359013f79877fc89bab"},
]

[[package]]
name = "protobuf"
version = "3.20.3"
requires_python = ">=3.7"
summary = "Protocol Buffers"
groups = ["local"]
files = [
    {file = "protobuf-3.20.3-py2.py3-none-any.whl", hash = "sha256:a7ca6d488aa8ff7f329d4c545b2dbad8ac31464f1d8b1c87ad1346717731e4db"},
    {file = "protobuf-3.20.3.tar.gz", hash = "sha256:2e3427429c9cffebf259491be0af70189607f365c2f41c7c3764af6f337105f2"},
]

[[package]]
name = "pycryptodome"
version = "3.21.0"
requires_python = "!=3.0.*,!=3.1.*,!=3.2.*,!=3.3.*,!=3.4.*,!=3.5.*,>=2.7"
summary = "Cryptographic library for Python"
groups = ["local"]
files = [
    {file = "pycryptodome-3.21.0-cp36-abi3-macosx_10_9_universal2.whl", hash = "sha256:2480ec2c72438430da9f601ebc12c518c093c13111a5c1644c82cdfc2e50b1e4"},
    {file = "pycryptodome-3.21.0-cp36-abi3-macosx_10_9_x86_64.whl", hash = "sha256:de18954104667f565e2fbb4783b56667f30fb49c4d79b346f52a29cb198d5b6b"},
    {file = "pycryptodome-3.21.0-cp36-abi3-manylinux_2_17_aarch64.manylinux2014_aarch64.whl", hash = "sha256:2de4b7263a33947ff440412339cb72b28a5a4c769b5c1ca19e33dd6cd1dcec6e"},
    {file = "pycryptodome-3.21.0-cp36-abi3-manylinux_2_17_x86_64.manylinux2014_x86_64.whl", hash = "sha256:0714206d467fc911042d01ea3a1847c847bc10884cf674c82e12915cfe1649f8"},
    {file = "pycryptodome-3.21.0-cp36-abi3-manylinux_2_5_i686.manylinux1_i686.manylinux_2_17_i686.manylinux2014_i686.whl", hash = "sha256:7d85c1b613121ed3dbaa5a97369b3b757909531a959d229406a75b912dd51dd1"},
    {file = "pycryptodome-3.21.0-cp36-abi3-musllinux_1_1_aarch64.whl", hash = "sha256:8898a66425a57bcf15e25fc19c12490b87bd939800f39a03ea2de2aea5e3611a"},
    {file = "pycryptodome-3.21.0-cp36-abi3-musllinux_1_2_i686.whl", hash = "sha256:932c905b71a56474bff8a9c014030bc3c882cee696b448af920399f730a650c2"},
    {file = "pycryptodome-3.21.0-cp36-abi3-musllinux_1_2_x86_64.whl", hash = "sha256:18caa8cfbc676eaaf28613637a89980ad2fd96e00c564135bf90bc3f0b34dd93"},
    {file = "pycryptodome-3.21.0-cp36-abi3-win32.whl", hash = "sha256:280b67d20e33bb63171d55b1067f61fbd932e0b1ad976b3a184303a3dad22764"},
    {file = "pycryptodome-3.21.0-cp36-abi3-win_amd64.whl", hash = "sha256:b7aa25fc0baa5b1d95b7633af4f5f1838467f1815442b22487426f94e0d66c53"},
    {file = "pycryptodome-3.21.0.tar.gz", hash = "sha256:f7787e0d469bdae763b876174cf2e6c0f7be79808af26b1da96f1a64bcf47297"},
]

[[package]]
name = "pycryptodomex"
version = "3.21.0"
requires_python = "!=3.0.*,!=3.1.*,!=3.2.*,!=3.3.*,!=3.4.*,!=3.5.*,>=2.7"
summary = "Cryptographic library for Python"
groups = ["local"]
files = [
    {file = "pycryptodomex-3.21.0-cp36-abi3-macosx_10_9_universal2.whl", hash = "sha256:34325b84c8b380675fd2320d0649cdcbc9cf1e0d1526edbe8fce43ed858cdc7e"},
    {file = "pycryptodomex-3.21.0-cp36-abi3-macosx_10_9_x86_64.whl", hash = "sha256:103c133d6cd832ae7266feb0a65b69e3a5e4dbbd6f3a3ae3211a557fd653f516"},
    {file = "pycryptodomex-3.21.0-cp36-abi3-manylinux_2_17_aarch64.manylinux2014_aarch64.whl", hash = "sha256:77ac2ea80bcb4b4e1c6a596734c775a1615d23e31794967416afc14852a639d3"},
    {file = "pycryptodomex-3.21.0-cp36-abi3-manylinux_2_17_x86_64.manylinux2014_x86_64.whl", hash = "sha256:9aa0cf13a1a1128b3e964dc667e5fe5c6235f7d7cfb0277213f0e2a783837cc2"},
    {file = "pycryptodomex-3.21.0-cp36-abi3-manylinux_2_5_i686.manylinux1_i686.manylinux_2_17_i686.manylinux2014_i686.whl", hash = "sha256:46eb1f0c8d309da63a2064c28de54e5e614ad17b7e2f88df0faef58ce192fc7b"},
    {file = "pycryptodomex-3.21.0-cp36-abi3-musllinux_1_1_aarch64.whl", hash = "sha256:cc7e111e66c274b0df5f4efa679eb31e23c7545d702333dfd2df10ab02c2a2ce"},
    {file = "pycryptodomex-3.21.0-cp36-abi3-musllinux_1_2_i686.whl", hash = "sha256:770d630a5c46605ec83393feaa73a9635a60e55b112e1fb0c3cea84c2897aa0a"},
    {file = "pycryptodomex-3.21.0-cp36-abi3-musllinux_1_2_x86_64.whl", hash = "sha256:52e23a0a6e61691134aa8c8beba89de420602541afaae70f66e16060fdcd677e"},
    {file = "pycryptodomex-3.21.0-cp36-abi3-win32.whl", hash = "sha256:a3d77919e6ff56d89aada1bd009b727b874d464cb0e2e3f00a49f7d2e709d76e"},
    {file = "pycryptodomex-3.21.0-cp36-abi3-win_amd64.whl", hash = "sha256:b0e9765f93fe4890f39875e6c90c96cb341767833cfa767f41b490b506fa9ec0"},
    {file = "pycryptodomex-3.21.0.tar.gz", hash = "sha256:222d0bd05381dd25c32dd6065c071ebf084212ab79bab4599ba9e6a3e0009e6c"},
]

[[package]]
name = "pydes"
version = "2.0.1"
summary = "Pure python implementation of DES and TRIPLE DES encryption algorithm"
groups = ["local"]
files = [
    {file = "pyDes-2.0.1.tar.gz", hash = "sha256:e2ab8e21d2b83e90d90dbfdcb6fb8ac0000b813238b7ecaede04f8435c389012"},
]

[[package]]
name = "pyelftools"
version = "0.32"
summary = "Library for analyzing ELF files and DWARF debugging information"
groups = ["local"]
files = [
    {file = "pyelftools-0.32-py3-none-any.whl", hash = "sha256:013df952a006db5e138b1edf6d8a68ecc50630adbd0d83a2d41e7f846163d738"},
    {file = "pyelftools-0.32.tar.gz", hash = "sha256:6de90ee7b8263e740c8715a925382d4099b354f29ac48ea40d840cf7aa14ace5"},
]

[[package]]
name = "pygments"
version = "2.19.1"
requires_python = ">=3.8"
summary = "Pygments is a syntax highlighting package written in Python."
groups = ["local"]
files = [
    {file = "pygments-2.19.1-py3-none-any.whl", hash = "sha256:9ea1544ad55cecf4b8242fab6dd35a93bbce657034b0611ee383099054ab6d8c"},
    {file = "pygments-2.19.1.tar.gz", hash = "sha256:61c16d2a8576dc0649d9f39e089b5f02bcd27fba10d8fb4dcc28173f7a45151f"},
]

[[package]]
name = "pyobjc-core"
version = "10.3.2"
requires_python = ">=3.8"
summary = "Python<->ObjC Interoperability Module"
groups = ["local"]
marker = "platform_system == \"Darwin\""
files = [
    {file = "pyobjc_core-10.3.2-cp311-cp311-macosx_10_9_universal2.whl", hash = "sha256:cea5e77659619ad93c782ca07644b6efe7d7ec6f59e46128843a0a87c1af511a"},
    {file = "pyobjc_core-10.3.2.tar.gz", hash = "sha256:dbf1475d864ce594288ce03e94e3a98dc7f0e4639971eb1e312bdf6661c21e0e"},
]

[[package]]
name = "pyobjc-framework-cocoa"
version = "11.0"
requires_python = ">=3.9"
summary = ""
groups = ["local"]
marker = "platform_system == \"Darwin\""
files = [
    {file = "pyobjc_framework_Cocoa-11.0-cp311-cp311-macosx_10_9_universal2.whl", hash = "sha256:3ea7be6e6dd801b297440de02d312ba3fa7fd3c322db747ae1cb237e975f5d33"},
    {file = "pyobjc_framework_cocoa-11.0.tar.gz", hash = "sha256:00346a8cb81ad7b017b32ff7bf596000f9faa905807b1bd234644ebd47f692c5"},
]

[[package]]
name = "pyobjc-framework-corebluetooth"
version = "10.3.2"
requires_python = ">=3.8"
summary = "Wrappers for the framework CoreBluetooth on macOS"
groups = ["local"]
marker = "platform_system == \"Darwin\""
dependencies = [
    "pyobjc-core>=10.3.2",
    "pyobjc-framework-Cocoa>=10.3.2",
]
files = [
    {file = "pyobjc_framework_CoreBluetooth-10.3.2-cp36-abi3-macosx_10_13_universal2.whl", hash = "sha256:973b78f47c7e2209a475e60bcc7d1b4a87be6645d39b4e8290ee82640e1cc364"},
    {file = "pyobjc_framework_CoreBluetooth-10.3.2-cp36-abi3-macosx_10_9_universal2.whl", hash = "sha256:4bafdf1be15eae48a4878dbbf1bf19877ce28cbbba5baa0267a9564719ee736e"},
    {file = "pyobjc_framework_CoreBluetooth-10.3.2-cp36-abi3-macosx_10_9_x86_64.whl", hash = "sha256:4d7dc7494de66c850bda7b173579df7481dc97046fa229d480fe9bf90b2b9651"},
    {file = "pyobjc_framework_CoreBluetooth-10.3.2-cp36-abi3-macosx_11_0_universal2.whl", hash = "sha256:62e09e730f4d98384f1b6d44718812195602b3c82d5c78e09f60e8a934e7b266"},
    {file = "pyobjc_framework_corebluetooth-10.3.2.tar.gz", hash = "sha256:c0a077bc3a2466271efa382c1e024630bc43cc6f9ab8f3f97431ad08b1ad52bb"},
]

[[package]]
name = "pyobjc-framework-libdispatch"
version = "10.3.2"
requires_python = ">=3.8"
summary = "Wrappers for libdispatch on macOS"
groups = ["local"]
marker = "platform_system == \"Darwin\""
dependencies = [
    "pyobjc-core>=10.3.2",
    "pyobjc-framework-Cocoa>=10.3.2",
]
files = [
    {file = "pyobjc_framework_libdispatch-10.3.2-cp311-cp311-macosx_10_9_universal2.whl", hash = "sha256:061f6aa0f88d11d993e6546ec734303cb8979f40ae0f5cd23541236a6b426abd"},
    {file = "pyobjc_framework_libdispatch-10.3.2.tar.gz", hash = "sha256:e9f4311fbf8df602852557a98d2a64f37a9d363acf4d75634120251bbc7b7304"},
]

[[package]]
name = "pyscard"
version = "2.2.1"
requires_python = ">=3.9"
summary = "Smartcard module for Python."
groups = ["local"]
dependencies = [
    "typing-extensions; python_version == \"3.9\"",
]
files = [
    {file = "pyscard-2.2.1-cp311-cp311-macosx_10_9_universal2.whl", hash = "sha256:21b458aef2baaf97a3dc719b7d6d94d9333d5cff703536688ee9881993607328"},
    {file = "pyscard-2.2.1-cp311-cp311-win32.whl", hash = "sha256:4bec90a07e25220a6eeaa2a6d6e45c60ce40b5e0f0c7059f03f16357c01e66a8"},
    {file = "pyscard-2.2.1-cp311-cp311-win_amd64.whl", hash = "sha256:aa886dda9d6dfc9acb58902dca1db6da7cf22a6dd284ded08ad6bf1ac7b207fc"},
    {file = "pyscard-2.2.1.tar.gz", hash = "sha256:920e688a5108224cb19b915c3fd7ea7cf3d1aa379587ffd087973e84c13f8d94"},
]

[[package]]
name = "pyserial"
version = "3.5"
summary = "Python Serial Port Extension"
groups = ["local"]
files = [
    {file = "pyserial-3.5-py2.py3-none-any.whl", hash = "sha256:c4451db6ba391ca6ca299fb3ec7bae67a5c55dde170964c7a14ceefec02f2cf0"},
    {file = "pyserial-3.5.tar.gz", hash = "sha256:3c77e014170dfffbd816e6ffc205e9842efb10be9f58ec16d3e8675b4925cddb"},
]

[[package]]
name = "pytest"
version = "8.3.5"
requires_python = ">=3.8"
summary = "pytest: simple powerful testing with Python"
groups = ["default"]
dependencies = [
    "colorama; sys_platform == \"win32\"",
    "exceptiongroup>=1.0.0rc8; python_version < \"3.11\"",
    "iniconfig",
    "packaging",
    "pluggy<2,>=1.5",
    "tomli>=1; python_version < \"3.11\"",
]
files = [
    {file = "pytest-8.3.5-py3-none-any.whl", hash = "sha256:c69214aa47deac29fad6c2a4f590b9c4a9fdb16a403176fe154b79c0b4d4d820"},
    {file = "pytest-8.3.5.tar.gz", hash = "sha256:f4efe70cc14e511565ac476b57c279e12a855b11f48f212af1080ef2263d3845"},
]

[[package]]
name = "pytest-order"
version = "1.3.0"
requires_python = ">=3.7"
summary = "pytest plugin to run your tests in a specific order"
groups = ["default"]
dependencies = [
    "pytest>=5.0; python_version < \"3.10\"",
    "pytest>=6.2.4; python_version >= \"3.10\"",
]
files = [
    {file = "pytest_order-1.3.0-py3-none-any.whl", hash = "sha256:2cd562a21380345dd8d5774aa5fd38b7849b6ee7397ca5f6999bbe6e89f07f6e"},
    {file = "pytest_order-1.3.0.tar.gz", hash = "sha256:51608fec3d3ee9c0adaea94daa124a5c4c1d2bb99b00269f098f414307f23dde"},
]

[[package]]
name = "python-gnupg"
version = "0.5.4"
summary = "A wrapper for the Gnu Privacy Guard (GPG or GnuPG)"
groups = ["local"]
files = [
    {file = "python-gnupg-0.5.4.tar.gz", hash = "sha256:f2fdb5fb29615c77c2743e1cb3d9314353a6e87b10c37d238d91ae1c6feae086"},
    {file = "python_gnupg-0.5.4-py2.py3-none-any.whl", hash = "sha256:40ce25cde9df29af91fe931ce9df3ce544e14a37f62b13ca878c897217b2de6c"},
]

[[package]]
name = "python-u2flib-host"
version = "3.0.3"
summary = "Python based U2F host library"
groups = ["local"]
dependencies = [
    "hidapi>=0.7.99",
    "requests",
]
files = [
    {file = "python-u2flib-host-3.0.3.tar.gz", hash = "sha256:ab678b9dc29466a779efcaa2f0150dce35059a7d17680fc26057fa599a53fc0a"},
]

[[package]]
name = "requests"
version = "2.32.3"
requires_python = ">=3.8"
summary = "Python HTTP for Humans."
groups = ["local"]
dependencies = [
    "certifi>=2017.4.17",
    "charset-normalizer<4,>=2",
    "idna<4,>=2.5",
    "urllib3<3,>=1.21.1",
]
files = [
    {file = "requests-2.32.3-py3-none-any.whl", hash = "sha256:70761cfe03c773ceb22aa2f671b4757976145175cdfca038c02654d061d6dcc6"},
    {file = "requests-2.32.3.tar.gz", hash = "sha256:55365417734eb18255590a9ff9eb97e9e1da868d4ccd6402399eaf68af20a760"},
]

[[package]]
name = "rich"
version = "13.9.4"
requires_python = ">=3.8.0"
summary = "Render rich text, tables, progress bars, syntax highlighting, markdown and more to the terminal"
groups = ["local"]
dependencies = [
    "markdown-it-py>=2.2.0",
    "pygments<3.0.0,>=2.13.0",
    "typing-extensions<5.0,>=4.0.0; python_version < \"3.11\"",
]
files = [
    {file = "rich-13.9.4-py3-none-any.whl", hash = "sha256:6049d5e6ec054bf2779ab3358186963bac2ea89175919d699e378b99738c2a90"},
    {file = "rich-13.9.4.tar.gz", hash = "sha256:439594978a49a09530cff7ebc4b5c7103ef57baf48d5ea3184f21d9a2befa098"},
]

[[package]]
name = "setuptools"
version = "75.8.2"
requires_python = ">=3.9"
summary = "Easily download, build, install, upgrade, and uninstall Python packages"
groups = ["local"]
files = [
    {file = "setuptools-75.8.2-py3-none-any.whl", hash = "sha256:558e47c15f1811c1fa7adbd0096669bf76c1d3f433f58324df69f3f5ecac4e8f"},
    {file = "setuptools-75.8.2.tar.gz", hash = "sha256:4880473a969e5f23f2a2be3646b2dfd84af9028716d398e46192f84bc36900d2"},
]

[[package]]
name = "shellingham"
version = "1.5.4"
requires_python = ">=3.7"
summary = "Tool to Detect Surrounding Shell"
groups = ["local"]
files = [
    {file = "shellingham-1.5.4-py2.py3-none-any.whl", hash = "sha256:7ecfff8f2fd72616f7481040475a65b2bf8af90a56c89140852d1120324e8686"},
    {file = "shellingham-1.5.4.tar.gz", hash = "sha256:8dbca0739d487e5bd35ab3ca4b36e11c4078f3a234bfce294b0a0291363404de"},
]

[[package]]
name = "typer"
version = "0.15.2"
requires_python = ">=3.7"
summary = "Typer, build great CLIs. Easy to code. Based on Python type hints."
groups = ["local"]
dependencies = [
    "click>=8.0.0",
    "rich>=10.11.0",
    "shellingham>=1.3.0",
    "typing-extensions>=3.7.4.3",
]
files = [
    {file = "typer-0.15.2-py3-none-any.whl", hash = "sha256:46a499c6107d645a9c13f7ee46c5d5096cae6f5fc57dd11eccbbb9ae3e44ddfc"},
    {file = "typer-0.15.2.tar.gz", hash = "sha256:ab2fab47533a813c49fe1f16b1a370fd5819099c00b119e0633df65f22144ba5"},
]

[[package]]
name = "typing-extensions"
version = "4.12.2"
requires_python = ">=3.8"
summary = "Backported and Experimental Type Hints for Python 3.8+"
groups = ["local"]
files = [
    {file = "typing_extensions-4.12.2-py3-none-any.whl", hash = "sha256:04e5ca0351e0f3f85c6853954072df659d0d13fac324d0072316b67d7794700d"},
    {file = "typing_extensions-4.12.2.tar.gz", hash = "sha256:1a7ead55c7e559dd4dee8856e3a88b41225abfe1ce8df57b7c13915fe121ffb8"},
]

[[package]]
name = "urllib3"
version = "2.3.0"
requires_python = ">=3.9"
summary = "HTTP library with thread-safe connection pooling, file post, and more."
groups = ["local"]
files = [
    {file = "urllib3-2.3.0-py3-none-any.whl", hash = "sha256:1cee9ad369867bfdbbb48b7dd50374c0967a0bb7710050facf0dd6911440e3df"},
    {file = "urllib3-2.3.0.tar.gz", hash = "sha256:f8c5449b3cf0861679ce7e0503c7b44b5ec981bec0d1d3795a07f1ba96f0204d"},
]

[[package]]
name = "wcwidth"
version = "0.2.13"
summary = "Measures the displayed width of unicode strings in a terminal"
groups = ["local"]
dependencies = [
    "backports-functools-lru-cache>=1.2.1; python_version < \"3.2\"",
]
files = [
    {file = "wcwidth-0.2.13-py2.py3-none-any.whl", hash = "sha256:3da69048e4540d84af32131829ff948f1e022c1c6bdb8d6102117aac784f6859"},
    {file = "wcwidth-0.2.13.tar.gz", hash = "sha256:72ea0c06399eb286d978fdedb6923a9eb47e1c486ce63e9b4e64fc18303972b5"},
]

[[package]]
name = "websocket-client"
version = "1.8.0"
requires_python = ">=3.8"
summary = "WebSocket client for Python with low level API options"
groups = ["local"]
files = [
    {file = "websocket_client-1.8.0-py3-none-any.whl", hash = "sha256:17b44cc997f5c498e809b22cdf2d9c7a9e71c02c8cc2b6c56e7c2d1239bfa526"},
    {file = "websocket_client-1.8.0.tar.gz", hash = "sha256:3239df9f44da632f96012472805d40a23281a991027ce11d2f45a6f24ac4c3da"},
]
